
Microsoft Visual Studio Solution File, Format Version 12.00
# Visual Studio 15
VisualStudioVersion = 15.0.27130.2010
MinimumVisualStudioVersion = 10.0.40219.1
Project("{FAE04EC0-301F-11D3-BF4B-00C04F79EFBC}") = "VehicleRentalUI", "VehicleRentalUI\VehicleRentalUI.csproj", "{709B5649-1882-4EB1-9224-BE3C402B9B90}"
EndProject
Project("{FAE04EC0-301F-11D3-BF4B-00C04F79EFBC}") = "VehicleRentalUI.Tests", "VehicleRentalUI.Tests\VehicleRentalUI.Tests.csproj", "{584537E2-0E20-4F70-AF87-0052B26BE991}"
EndProject
Global
	GlobalSection(SolutionConfigurationPlatforms) = preSolution
		Debug|Any CPU = Debug|Any CPU
		Release|Any CPU = Release|Any CPU
	EndGlobalSection
	GlobalSection(ProjectConfigurationPlatforms) = postSolution
		{709B5649-1882-4EB1-9224-BE3C402B9B90}.Debug|Any CPU.ActiveCfg = Debug|Any CPU
		{709B5649-1882-4EB1-9224-BE3C402B9B90}.Debug|Any CPU.Build.0 = Debug|Any CPU
		{709B5649-1882-4EB1-9224-BE3C402B9B90}.Release|Any CPU.ActiveCfg = Release|Any CPU
		{709B5649-1882-4EB1-9224-BE3C402B9B90}.Release|Any CPU.Build.0 = Release|Any CPU
		{584537E2-0E20-4F70-AF87-0052B26BE991}.Debug|Any CPU.ActiveCfg = Debug|Any CPU
		{584537E2-0E20-4F70-AF87-0052B26BE991}.Debug|Any CPU.Build.0 = Debug|Any CPU
		{584537E2-0E20-4F70-AF87-0052B26BE991}.Release|Any CPU.ActiveCfg = Release|Any CPU
		{584537E2-0E20-4F70-AF87-0052B26BE991}.Release|Any CPU.Build.0 = Release|Any CPU
	EndGlobalSection
	GlobalSection(SolutionProperties) = preSolution
		HideSolutionNode = FALSE
	EndGlobalSection
	GlobalSection(ExtensibilityGlobals) = postSolution
		SolutionGuid = {70D9023D-F9CD-4A96-B245-01092E3E66CB}
	EndGlobalSection
EndGlobal
